# generated by rye
# use `rye lock` or `rye sync` to update this lockfile
#
# last locked with the following flags:
#   pre: false
#   features: []
#   all-features: false
#   with-sources: false
#   generate-hashes: false
#   universal: false

-e file:.
beautifulsoup4==4.12.3
    # via ssd-prices
certifi==2024.8.30
    # via requests
charset-normalizer==3.3.2
    # via requests
cloudscraper==1.2.71
    # via ssd-prices
html5lib==1.1
    # via ssd-prices
idna==3.10
    # via requests
levenshtein==0.26.0
    # via python-levenshtein
lxml==5.3.0
    # via ssd-prices
numpy==2.1.1
    # via pandas
pandas==2.2.3
    # via ssd-prices
pyparsing==3.1.4
    # via cloudscraper
python-dateutil==2.9.0.post0
    # via pandas
python-levenshtein==0.26.0
    # via ssd-prices
pytz==2024.2
    # via pandas
rapidfuzz==3.10.0
    # via levenshtein
    # via thefuzz
requests==2.32.3
    # via cloudscraper
    # via requests-toolbelt
requests-toolbelt==1.0.0
    # via cloudscraper
six==1.16.0
    # via html5lib
    # via python-dateutil
soupsieve==2.6
    # via beautifulsoup4
thefuzz==0.22.1
    # via ssd-prices
tzdata==2024.2
    # via pandas
urllib3==2.2.3
    # via requests
webencodings==0.5.1
    # via html5lib
